
Microsoft Visual Studio Solution File, Format Version 12.00
# Visual Studio Version 16
VisualStudioVersion = 16.0.31205.134
MinimumVisualStudioVersion = 10.0.40219.1
Project("{FAE04EC0-301F-11D3-BF4B-00C04F79EFBC}") = "практическая работа №14", "практическая работа №2\практическая работа №14.csproj", "{AEFE9960-8513-4A1F-92DA-FA662BF68FE3}"
EndProject
Project("{9A19103F-16F7-4668-BE54-9A1E7A4F7556}") = "LibMas", "LibMas\LibMas.csproj", "{93486BED-4520-4C0A-B584-E71992AC9F30}"
EndProject
Global
	GlobalSection(SolutionConfigurationPlatforms) = preSolution
		Debug|Any CPU = Debug|Any CPU
		Release|Any CPU = Release|Any CPU
	EndGlobalSection
	GlobalSection(ProjectConfigurationPlatforms) = postSolution
		{AEFE9960-8513-4A1F-92DA-FA662BF68FE3}.Debug|Any CPU.ActiveCfg = Debug|Any CPU
		{AEFE9960-8513-4A1F-92DA-FA662BF68FE3}.Debug|Any CPU.Build.0 = Debug|Any CPU
		{AEFE9960-8513-4A1F-92DA-FA662BF68FE3}.Release|Any CPU.ActiveCfg = Release|Any CPU
		{AEFE9960-8513-4A1F-92DA-FA662BF68FE3}.Release|Any CPU.Build.0 = Release|Any CPU
		{93486BED-4520-4C0A-B584-E71992AC9F30}.Debug|Any CPU.ActiveCfg = Debug|Any CPU
		{93486BED-4520-4C0A-B584-E71992AC9F30}.Debug|Any CPU.Build.0 = Debug|Any CPU
		{93486BED-4520-4C0A-B584-E71992AC9F30}.Release|Any CPU.ActiveCfg = Release|Any CPU
		{93486BED-4520-4C0A-B584-E71992AC9F30}.Release|Any CPU.Build.0 = Release|Any CPU
	EndGlobalSection
	GlobalSection(SolutionProperties) = preSolution
		HideSolutionNode = FALSE
	EndGlobalSection
	GlobalSection(ExtensibilityGlobals) = postSolution
		SolutionGuid = {ED1ED5C8-5682-487C-A0CA-88A6D0138456}
	EndGlobalSection
EndGlobal
